
Microsoft Visual Studio Solution File, Format Version 12.00
# Visual Studio Version 16
VisualStudioVersion = 16.0.31025.194
MinimumVisualStudioVersion = 10.0.40219.1
Project("{FAE04EC0-301F-11D3-BF4B-00C04F79EFBC}") = "ConsoleApp1", "ConsoleApp1\ConsoleApp1.csproj", "{88924412-9BBA-4DE7-9713-60A5532D1801}"
EndProject
Global
	GlobalSection(SolutionConfigurationPlatforms) = preSolution
		Debug|Any CPU = Debug|Any CPU
		Release|Any CPU = Release|Any CPU
	EndGlobalSection
	GlobalSection(ProjectConfigurationPlatforms) = postSolution
		{88924412-9BBA-4DE7-9713-60A5532D1801}.Debug|Any CPU.ActiveCfg = Debug|Any CPU
		{88924412-9BBA-4DE7-9713-60A5532D1801}.Debug|Any CPU.Build.0 = Debug|Any CPU
		{88924412-9BBA-4DE7-9713-60A5532D1801}.Release|Any CPU.ActiveCfg = Release|Any CPU
		{88924412-9BBA-4DE7-9713-60A5532D1801}.Release|Any CPU.Build.0 = Release|Any CPU
	EndGlobalSection
	GlobalSection(SolutionProperties) = preSolution
		HideSolutionNode = FALSE
	EndGlobalSection
	GlobalSection(ExtensibilityGlobals) = postSolution
		SolutionGuid = {CA8543E7-BDC9-49B4-BE12-2E696DFACB4B}
	EndGlobalSection
EndGlobal
